
Microsoft Visual Studio Solution File, Format Version 12.00
# Visual Studio 14
VisualStudioVersion = 14.0.24720.0
MinimumVisualStudioVersion = 10.0.40219.1
Project("{FAE04EC0-301F-11D3-BF4B-00C04F79EFBC}") = "Course_Work", "Course_Work\Course_Work.csproj", "{85D343F7-8353-460B-ACB2-95EA5A6CB1FC}"
EndProject
Project("{FAE04EC0-301F-11D3-BF4B-00C04F79EFBC}") = "Manipulation", "Manipulation\Manipulation.csproj", "{9E1042F9-BF3E-4900-A08E-1EB1F0043875}"
EndProject
Project("{FAE04EC0-301F-11D3-BF4B-00C04F79EFBC}") = "DAL", "DAL\DAL.csproj", "{E4897C61-A2CE-482F-A4D8-68F932333E3C}"
EndProject
Global
	GlobalSection(SolutionConfigurationPlatforms) = preSolution
		Debug|Any CPU = Debug|Any CPU
		Release|Any CPU = Release|Any CPU
	EndGlobalSection
	GlobalSection(ProjectConfigurationPlatforms) = postSolution
		{85D343F7-8353-460B-ACB2-95EA5A6CB1FC}.Debug|Any CPU.ActiveCfg = Debug|Any CPU
		{85D343F7-8353-460B-ACB2-95EA5A6CB1FC}.Debug|Any CPU.Build.0 = Debug|Any CPU
		{85D343F7-8353-460B-ACB2-95EA5A6CB1FC}.Release|Any CPU.ActiveCfg = Release|Any CPU
		{85D343F7-8353-460B-ACB2-95EA5A6CB1FC}.Release|Any CPU.Build.0 = Release|Any CPU
		{9E1042F9-BF3E-4900-A08E-1EB1F0043875}.Debug|Any CPU.ActiveCfg = Debug|Any CPU
		{9E1042F9-BF3E-4900-A08E-1EB1F0043875}.Debug|Any CPU.Build.0 = Debug|Any CPU
		{9E1042F9-BF3E-4900-A08E-1EB1F0043875}.Release|Any CPU.ActiveCfg = Release|Any CPU
		{9E1042F9-BF3E-4900-A08E-1EB1F0043875}.Release|Any CPU.Build.0 = Release|Any CPU
		{E4897C61-A2CE-482F-A4D8-68F932333E3C}.Debug|Any CPU.ActiveCfg = Debug|Any CPU
		{E4897C61-A2CE-482F-A4D8-68F932333E3C}.Debug|Any CPU.Build.0 = Debug|Any CPU
		{E4897C61-A2CE-482F-A4D8-68F932333E3C}.Release|Any CPU.ActiveCfg = Release|Any CPU
		{E4897C61-A2CE-482F-A4D8-68F932333E3C}.Release|Any CPU.Build.0 = Release|Any CPU
	EndGlobalSection
	GlobalSection(SolutionProperties) = preSolution
		HideSolutionNode = FALSE
	EndGlobalSection
EndGlobal
